
Microsoft Visual Studio Solution File, Format Version 12.00
# Visual Studio 15
VisualStudioVersion = 15.0.28010.2036
MinimumVisualStudioVersion = 10.0.40219.1
Project("{8BC9CEB8-8B4A-11D0-8D11-00A0C91BC942}") = "Ch3_Lab2_2", "Ch3_Lab2_2\Ch3_Lab2_2.vcxproj", "{63C898B1-F966-442C-810E-59BFA6A1781D}"
EndProject
Global
	GlobalSection(SolutionConfigurationPlatforms) = preSolution
		Debug|x64 = Debug|x64
		Debug|x86 = Debug|x86
		Release|x64 = Release|x64
		Release|x86 = Release|x86
	EndGlobalSection
	GlobalSection(ProjectConfigurationPlatforms) = postSolution
		{63C898B1-F966-442C-810E-59BFA6A1781D}.Debug|x64.ActiveCfg = Debug|x64
		{63C898B1-F966-442C-810E-59BFA6A1781D}.Debug|x64.Build.0 = Debug|x64
		{63C898B1-F966-442C-810E-59BFA6A1781D}.Debug|x86.ActiveCfg = Debug|Win32
		{63C898B1-F966-442C-810E-59BFA6A1781D}.Debug|x86.Build.0 = Debug|Win32
		{63C898B1-F966-442C-810E-59BFA6A1781D}.Release|x64.ActiveCfg = Release|x64
		{63C898B1-F966-442C-810E-59BFA6A1781D}.Release|x64.Build.0 = Release|x64
		{63C898B1-F966-442C-810E-59BFA6A1781D}.Release|x86.ActiveCfg = Release|Win32
		{63C898B1-F966-442C-810E-59BFA6A1781D}.Release|x86.Build.0 = Release|Win32
	EndGlobalSection
	GlobalSection(SolutionProperties) = preSolution
		HideSolutionNode = FALSE
	EndGlobalSection
	GlobalSection(ExtensibilityGlobals) = postSolution
		SolutionGuid = {201EA1BF-4F6C-4F66-8B80-ED9FE6B18FD2}
	EndGlobalSection
EndGlobal
